
Microsoft Visual Studio Solution File, Format Version 12.00
# Visual Studio Version 16
VisualStudioVersion = 16.0.29025.244
MinimumVisualStudioVersion = 10.0.40219.1
Project("{FAE04EC0-301F-11D3-BF4B-00C04F79EFBC}") = "SeleniumProject", "SeleniumProject\SeleniumProject.csproj", "{0779D2C5-93CB-4C61-96FA-B11B294E8412}"
EndProject
Global
	GlobalSection(SolutionConfigurationPlatforms) = preSolution
		Debug|Any CPU = Debug|Any CPU
		Release|Any CPU = Release|Any CPU
	EndGlobalSection
	GlobalSection(ProjectConfigurationPlatforms) = postSolution
		{0779D2C5-93CB-4C61-96FA-B11B294E8412}.Debug|Any CPU.ActiveCfg = Debug|Any CPU
		{0779D2C5-93CB-4C61-96FA-B11B294E8412}.Debug|Any CPU.Build.0 = Debug|Any CPU
		{0779D2C5-93CB-4C61-96FA-B11B294E8412}.Release|Any CPU.ActiveCfg = Release|Any CPU
		{0779D2C5-93CB-4C61-96FA-B11B294E8412}.Release|Any CPU.Build.0 = Release|Any CPU
	EndGlobalSection
	GlobalSection(SolutionProperties) = preSolution
		HideSolutionNode = FALSE
	EndGlobalSection
	GlobalSection(ExtensibilityGlobals) = postSolution
		SolutionGuid = {050C06F1-C3E9-4293-A4B7-711A695A87B3}
	EndGlobalSection
EndGlobal
